
Microsoft Visual Studio Solution File, Format Version 12.00
# Visual Studio Version 17
VisualStudioVersion = 17.6.33723.286
MinimumVisualStudioVersion = 10.0.40219.1
Project("{888888A0-9F3D-457C-B088-3A5042F75D52}") = "CompareCsvTables", "CompareCsvTables\CompareCsvTables.pyproj", "{C8DC44E6-5E3A-40FD-8048-6A50231B3480}"
EndProject
Global
	GlobalSection(SolutionConfigurationPlatforms) = preSolution
		Debug|Any CPU = Debug|Any CPU
		Release|Any CPU = Release|Any CPU
	EndGlobalSection
	GlobalSection(ProjectConfigurationPlatforms) = postSolution
		{C8DC44E6-5E3A-40FD-8048-6A50231B3480}.Debug|Any CPU.ActiveCfg = Debug|Any CPU
		{C8DC44E6-5E3A-40FD-8048-6A50231B3480}.Release|Any CPU.ActiveCfg = Release|Any CPU
	EndGlobalSection
	GlobalSection(SolutionProperties) = preSolution
		HideSolutionNode = FALSE
	EndGlobalSection
	GlobalSection(ExtensibilityGlobals) = postSolution
		SolutionGuid = {B9A7570C-54B1-4CE3-B416-5B6BB5B4C32A}
	EndGlobalSection
EndGlobal
